
Microsoft Visual Studio Solution File, Format Version 12.00
# Visual Studio Version 17
VisualStudioVersion = 17.9.34728.123
MinimumVisualStudioVersion = 10.0.40219.1
Project("{FAE04EC0-301F-11D3-BF4B-00C04F79EFBC}") = "Proyecto Tienda", "Proyecto Tienda\Proyecto Tienda.csproj", "{0F029425-48CB-45C6-B813-99D1C4BC8291}"
EndProject
Global
	GlobalSection(SolutionConfigurationPlatforms) = preSolution
		Debug|Any CPU = Debug|Any CPU
		Release|Any CPU = Release|Any CPU
	EndGlobalSection
	GlobalSection(ProjectConfigurationPlatforms) = postSolution
		{0F029425-48CB-45C6-B813-99D1C4BC8291}.Debug|Any CPU.ActiveCfg = Debug|Any CPU
		{0F029425-48CB-45C6-B813-99D1C4BC8291}.Debug|Any CPU.Build.0 = Debug|Any CPU
		{0F029425-48CB-45C6-B813-99D1C4BC8291}.Release|Any CPU.ActiveCfg = Release|Any CPU
		{0F029425-48CB-45C6-B813-99D1C4BC8291}.Release|Any CPU.Build.0 = Release|Any CPU
	EndGlobalSection
	GlobalSection(SolutionProperties) = preSolution
		HideSolutionNode = FALSE
	EndGlobalSection
	GlobalSection(ExtensibilityGlobals) = postSolution
		SolutionGuid = {D25C08C0-3683-41D4-A8F6-1CDEDC389B1E}
	EndGlobalSection
EndGlobal
